# THIS IS AN AUTOGENERATED FILE. DO NOT EDIT THIS FILE DIRECTLY.
# yarn lockfile v1


mime@^3.0.0:
  version "3.0.0"
  resolved "https://registry.yarnpkg.com/mime/-/mime-3.0.0.tgz#b374550dca3a0c18443b0c950a6a58f1931cf7a7"
  integrity sha512-jSCU7/VB1loIWBZe14aEYHU/+1UMEHoaO7qxCOVJOw9GgH72VAWppxNcjU+x9a2k3GSIBXNKxXQFqRvvZ7vr3A==

type@^2.7.2:
  version "2.7.2"
  resolved "https://registry.yarnpkg.com/type/-/type-2.7.2.tgz#2376a15a3a28b1efa0f5350dcf72d24df6ef98d0"
  integrity sha512-dzlvlNlt6AXU7EBSfpAscydQ7gXB+pPGsPnfJnZpiNJBDj7IaJzQlBZYGdEi4R9HmPdBv2XmWJ6YUtoTa7lmCw==
